// !$*UTF8*$!
{
	archiveVersion = 1;
	classes = {
	};
	objectVersion = 56;
	objects = {

/* Begin PBXBuildFile section */
		0DF2F35F000C9BBAE8FCB4A0 /* Pods_Linphone.framework in Frameworks */ = {isa = PBXBuildFile; fileRef = 7C92C314A5427A62F953EB70 /* Pods_Linphone.framework */; };
		D70C93DE2AC2D0F60063CA3B /* Localizable.xcstrings in Resources */ = {isa = PBXBuildFile; fileRef = D70C93DD2AC2D0F60063CA3B /* Localizable.xcstrings */; };
		D717071E2AC5922E0037746F /* ColorExtension.swift in Sources */ = {isa = PBXBuildFile; fileRef = D717071D2AC5922E0037746F /* ColorExtension.swift */; };
		D71707202AC5989C0037746F /* TextExtension.swift in Sources */ = {isa = PBXBuildFile; fileRef = D717071F2AC5989C0037746F /* TextExtension.swift */; };
		D719ABB72ABC67BF00B41C10 /* LinphoneApp.swift in Sources */ = {isa = PBXBuildFile; fileRef = D719ABB62ABC67BF00B41C10 /* LinphoneApp.swift */; };
		D719ABB92ABC67BF00B41C10 /* ContentView.swift in Sources */ = {isa = PBXBuildFile; fileRef = D719ABB82ABC67BF00B41C10 /* ContentView.swift */; };
		D719ABBB2ABC67BF00B41C10 /* Assets.xcassets in Resources */ = {isa = PBXBuildFile; fileRef = D719ABBA2ABC67BF00B41C10 /* Assets.xcassets */; };
		D719ABBF2ABC67BF00B41C10 /* Preview Assets.xcassets in Resources */ = {isa = PBXBuildFile; fileRef = D719ABBE2ABC67BF00B41C10 /* Preview Assets.xcassets */; };
		D719ABC92ABC6FD700B41C10 /* CoreContext.swift in Sources */ = {isa = PBXBuildFile; fileRef = D719ABC82ABC6FD700B41C10 /* CoreContext.swift */; };
		D719ABCC2ABC769C00B41C10 /* AssistantView.swift in Sources */ = {isa = PBXBuildFile; fileRef = D719ABCB2ABC769C00B41C10 /* AssistantView.swift */; };
		D719ABCF2ABC779A00B41C10 /* AccountLoginViewModel.swift in Sources */ = {isa = PBXBuildFile; fileRef = D719ABCE2ABC779A00B41C10 /* AccountLoginViewModel.swift */; };
		D72343302ACEFEF8009AA24E /* QrCodeScannerFragment.swift in Sources */ = {isa = PBXBuildFile; fileRef = D723432F2ACEFEF8009AA24E /* QrCodeScannerFragment.swift */; };
		D72343322ACEFF58009AA24E /* QRScannerController.swift in Sources */ = {isa = PBXBuildFile; fileRef = D72343312ACEFF58009AA24E /* QRScannerController.swift */; };
		D72343342ACEFFC3009AA24E /* QRScanner.swift in Sources */ = {isa = PBXBuildFile; fileRef = D72343332ACEFFC3009AA24E /* QRScanner.swift */; };
		D72343362AD037AF009AA24E /* ToastView.swift in Sources */ = {isa = PBXBuildFile; fileRef = D72343352AD037AF009AA24E /* ToastView.swift */; };
		D748BF2C2ACD82D2004844EB /* ThirdPartySipAccountLoginFragment.swift in Sources */ = {isa = PBXBuildFile; fileRef = D748BF2B2ACD82D2004844EB /* ThirdPartySipAccountLoginFragment.swift */; };
		D748BF2E2ACD82E7004844EB /* ThirdPartySipAccountWarningFragment.swift in Sources */ = {isa = PBXBuildFile; fileRef = D748BF2D2ACD82E7004844EB /* ThirdPartySipAccountWarningFragment.swift */; };
		D74C9CF82ACACECE0021626A /* WelcomePage1Fragment.swift in Sources */ = {isa = PBXBuildFile; fileRef = D74C9CF72ACACECE0021626A /* WelcomePage1Fragment.swift */; };
		D74C9CFA2ACACF2D0021626A /* WelcomePage2Fragment.swift in Sources */ = {isa = PBXBuildFile; fileRef = D74C9CF92ACACF2D0021626A /* WelcomePage2Fragment.swift */; };
		D74C9CFC2ACACF370021626A /* WelcomePage3Fragment.swift in Sources */ = {isa = PBXBuildFile; fileRef = D74C9CFB2ACACF370021626A /* WelcomePage3Fragment.swift */; };
		D74C9CFF2ACAEC5E0021626A /* PopupView.swift in Sources */ = {isa = PBXBuildFile; fileRef = D74C9CFE2ACAEC5E0021626A /* PopupView.swift */; };
		D74C9D012ACB098C0021626A /* PermissionManager.swift in Sources */ = {isa = PBXBuildFile; fileRef = D74C9D002ACB098C0021626A /* PermissionManager.swift */; };
		D750D3392AD3E6EE00EC99C5 /* PopupLoadingView.swift in Sources */ = {isa = PBXBuildFile; fileRef = D750D3382AD3E6EE00EC99C5 /* PopupLoadingView.swift */; };
		D7702EF22AC7205000557C00 /* WelcomeView.swift in Sources */ = {isa = PBXBuildFile; fileRef = D7702EF12AC7205000557C00 /* WelcomeView.swift */; };
		D7A03FBD2ACC2DB60081A588 /* ContactsView.swift in Sources */ = {isa = PBXBuildFile; fileRef = D7A03FBC2ACC2DB60081A588 /* ContactsView.swift */; };
		D7A03FC02ACC2E390081A588 /* HistoryView.swift in Sources */ = {isa = PBXBuildFile; fileRef = D7A03FBF2ACC2E390081A588 /* HistoryView.swift */; };
		D7A03FC62ACC458A0081A588 /* SplashScreen.swift in Sources */ = {isa = PBXBuildFile; fileRef = D7A03FC52ACC458A0081A588 /* SplashScreen.swift */; };
		D7A2EDD62AC18115005D90FC /* SharedMainViewModel.swift in Sources */ = {isa = PBXBuildFile; fileRef = D7A2EDD52AC18115005D90FC /* SharedMainViewModel.swift */; };
		D7D24D132AC1B4E800C6F35B /* NotoSans-Medium.ttf in Resources */ = {isa = PBXBuildFile; fileRef = D7D24D0D2AC1B4E800C6F35B /* NotoSans-Medium.ttf */; };
		D7D24D142AC1B4E800C6F35B /* NotoSans-Regular.ttf in Resources */ = {isa = PBXBuildFile; fileRef = D7D24D0E2AC1B4E800C6F35B /* NotoSans-Regular.ttf */; };
		D7D24D152AC1B4E800C6F35B /* NotoSans-Light.ttf in Resources */ = {isa = PBXBuildFile; fileRef = D7D24D0F2AC1B4E800C6F35B /* NotoSans-Light.ttf */; };
		D7D24D162AC1B4E800C6F35B /* NotoSans-SemiBold.ttf in Resources */ = {isa = PBXBuildFile; fileRef = D7D24D102AC1B4E800C6F35B /* NotoSans-SemiBold.ttf */; };
		D7D24D172AC1B4E800C6F35B /* NotoSans-Bold.ttf in Resources */ = {isa = PBXBuildFile; fileRef = D7D24D112AC1B4E800C6F35B /* NotoSans-Bold.ttf */; };
		D7D24D182AC1B4E800C6F35B /* NotoSans-ExtraBold.ttf in Resources */ = {isa = PBXBuildFile; fileRef = D7D24D122AC1B4E800C6F35B /* NotoSans-ExtraBold.ttf */; };
		D7DA67622ACCB2FA00E95002 /* LoginFragment.swift in Sources */ = {isa = PBXBuildFile; fileRef = D7DA67612ACCB2FA00E95002 /* LoginFragment.swift */; };
		D7DA67642ACCB31700E95002 /* ProfileModeFragment.swift in Sources */ = {isa = PBXBuildFile; fileRef = D7DA67632ACCB31700E95002 /* ProfileModeFragment.swift */; };
		D7FB55112AD447FD00A5AB15 /* RegisterFragment.swift in Sources */ = {isa = PBXBuildFile; fileRef = D7FB55102AD447FD00A5AB15 /* RegisterFragment.swift */; };
/* End PBXBuildFile section */

/* Begin PBXFileReference section */
		3A132937ACADB95696E2F906 /* Pods-Linphone.debug.xcconfig */ = {isa = PBXFileReference; includeInIndex = 1; lastKnownFileType = text.xcconfig; name = "Pods-Linphone.debug.xcconfig"; path = "Target Support Files/Pods-Linphone/Pods-Linphone.debug.xcconfig"; sourceTree = "<group>"; };
		3E2758142B8F42856C3A34DF /* Pods-Linphone.release.xcconfig */ = {isa = PBXFileReference; includeInIndex = 1; lastKnownFileType = text.xcconfig; name = "Pods-Linphone.release.xcconfig"; path = "Target Support Files/Pods-Linphone/Pods-Linphone.release.xcconfig"; sourceTree = "<group>"; };
		7C92C314A5427A62F953EB70 /* Pods_Linphone.framework */ = {isa = PBXFileReference; explicitFileType = wrapper.framework; includeInIndex = 0; path = Pods_Linphone.framework; sourceTree = BUILT_PRODUCTS_DIR; };
		D70C93DD2AC2D0F60063CA3B /* Localizable.xcstrings */ = {isa = PBXFileReference; lastKnownFileType = text.json.xcstrings; path = Localizable.xcstrings; sourceTree = "<group>"; };
		D717071D2AC5922E0037746F /* ColorExtension.swift */ = {isa = PBXFileReference; lastKnownFileType = sourcecode.swift; path = ColorExtension.swift; sourceTree = "<group>"; };
		D717071F2AC5989C0037746F /* TextExtension.swift */ = {isa = PBXFileReference; lastKnownFileType = sourcecode.swift; path = TextExtension.swift; sourceTree = "<group>"; };
		D719ABB32ABC67BF00B41C10 /* Linphone.app */ = {isa = PBXFileReference; explicitFileType = wrapper.application; includeInIndex = 0; path = Linphone.app; sourceTree = BUILT_PRODUCTS_DIR; };
		D719ABB62ABC67BF00B41C10 /* LinphoneApp.swift */ = {isa = PBXFileReference; lastKnownFileType = sourcecode.swift; path = LinphoneApp.swift; sourceTree = "<group>"; };
		D719ABB82ABC67BF00B41C10 /* ContentView.swift */ = {isa = PBXFileReference; lastKnownFileType = sourcecode.swift; path = ContentView.swift; sourceTree = "<group>"; };
		D719ABBA2ABC67BF00B41C10 /* Assets.xcassets */ = {isa = PBXFileReference; lastKnownFileType = folder.assetcatalog; path = Assets.xcassets; sourceTree = "<group>"; };
		D719ABBC2ABC67BF00B41C10 /* Linphone.entitlements */ = {isa = PBXFileReference; lastKnownFileType = text.plist.entitlements; path = Linphone.entitlements; sourceTree = "<group>"; };
		D719ABBE2ABC67BF00B41C10 /* Preview Assets.xcassets */ = {isa = PBXFileReference; lastKnownFileType = folder.assetcatalog; path = "Preview Assets.xcassets"; sourceTree = "<group>"; };
		D719ABC82ABC6FD700B41C10 /* CoreContext.swift */ = {isa = PBXFileReference; lastKnownFileType = sourcecode.swift; path = CoreContext.swift; sourceTree = "<group>"; };
		D719ABCB2ABC769C00B41C10 /* AssistantView.swift */ = {isa = PBXFileReference; lastKnownFileType = sourcecode.swift; path = AssistantView.swift; sourceTree = "<group>"; };
		D719ABCE2ABC779A00B41C10 /* AccountLoginViewModel.swift */ = {isa = PBXFileReference; lastKnownFileType = sourcecode.swift; path = AccountLoginViewModel.swift; sourceTree = "<group>"; };
		D723432F2ACEFEF8009AA24E /* QrCodeScannerFragment.swift */ = {isa = PBXFileReference; lastKnownFileType = sourcecode.swift; path = QrCodeScannerFragment.swift; sourceTree = "<group>"; };
		D72343312ACEFF58009AA24E /* QRScannerController.swift */ = {isa = PBXFileReference; lastKnownFileType = sourcecode.swift; path = QRScannerController.swift; sourceTree = "<group>"; };
		D72343332ACEFFC3009AA24E /* QRScanner.swift */ = {isa = PBXFileReference; lastKnownFileType = sourcecode.swift; path = QRScanner.swift; sourceTree = "<group>"; };
		D72343352AD037AF009AA24E /* ToastView.swift */ = {isa = PBXFileReference; lastKnownFileType = sourcecode.swift; path = ToastView.swift; sourceTree = "<group>"; };
		D748BF2B2ACD82D2004844EB /* ThirdPartySipAccountLoginFragment.swift */ = {isa = PBXFileReference; lastKnownFileType = sourcecode.swift; path = ThirdPartySipAccountLoginFragment.swift; sourceTree = "<group>"; };
		D748BF2D2ACD82E7004844EB /* ThirdPartySipAccountWarningFragment.swift */ = {isa = PBXFileReference; lastKnownFileType = sourcecode.swift; path = ThirdPartySipAccountWarningFragment.swift; sourceTree = "<group>"; };
		D74C9CF72ACACECE0021626A /* WelcomePage1Fragment.swift */ = {isa = PBXFileReference; lastKnownFileType = sourcecode.swift; path = WelcomePage1Fragment.swift; sourceTree = "<group>"; };
		D74C9CF92ACACF2D0021626A /* WelcomePage2Fragment.swift */ = {isa = PBXFileReference; lastKnownFileType = sourcecode.swift; path = WelcomePage2Fragment.swift; sourceTree = "<group>"; };
		D74C9CFB2ACACF370021626A /* WelcomePage3Fragment.swift */ = {isa = PBXFileReference; lastKnownFileType = sourcecode.swift; path = WelcomePage3Fragment.swift; sourceTree = "<group>"; };
		D74C9CFE2ACAEC5E0021626A /* PopupView.swift */ = {isa = PBXFileReference; lastKnownFileType = sourcecode.swift; path = PopupView.swift; sourceTree = "<group>"; };
		D74C9D002ACB098C0021626A /* PermissionManager.swift */ = {isa = PBXFileReference; lastKnownFileType = sourcecode.swift; path = PermissionManager.swift; sourceTree = "<group>"; };
		D750D3382AD3E6EE00EC99C5 /* PopupLoadingView.swift */ = {isa = PBXFileReference; lastKnownFileType = sourcecode.swift; path = PopupLoadingView.swift; sourceTree = "<group>"; };
		D7702EF12AC7205000557C00 /* WelcomeView.swift */ = {isa = PBXFileReference; lastKnownFileType = sourcecode.swift; path = WelcomeView.swift; sourceTree = "<group>"; };
		D7A03FBC2ACC2DB60081A588 /* ContactsView.swift */ = {isa = PBXFileReference; lastKnownFileType = sourcecode.swift; path = ContactsView.swift; sourceTree = "<group>"; };
		D7A03FBF2ACC2E390081A588 /* HistoryView.swift */ = {isa = PBXFileReference; lastKnownFileType = sourcecode.swift; path = HistoryView.swift; sourceTree = "<group>"; };
		D7A03FC52ACC458A0081A588 /* SplashScreen.swift */ = {isa = PBXFileReference; fileEncoding = 4; lastKnownFileType = sourcecode.swift; path = SplashScreen.swift; sourceTree = "<group>"; };
		D7A2EDD52AC18115005D90FC /* SharedMainViewModel.swift */ = {isa = PBXFileReference; lastKnownFileType = sourcecode.swift; path = SharedMainViewModel.swift; sourceTree = "<group>"; };
		D7A2EDDA2AC19EEC005D90FC /* Info.plist */ = {isa = PBXFileReference; lastKnownFileType = text.plist; path = Info.plist; sourceTree = "<group>"; };
		D7D24D0D2AC1B4E800C6F35B /* NotoSans-Medium.ttf */ = {isa = PBXFileReference; lastKnownFileType = file; path = "NotoSans-Medium.ttf"; sourceTree = "<group>"; };
		D7D24D0E2AC1B4E800C6F35B /* NotoSans-Regular.ttf */ = {isa = PBXFileReference; lastKnownFileType = file; path = "NotoSans-Regular.ttf"; sourceTree = "<group>"; };
		D7D24D0F2AC1B4E800C6F35B /* NotoSans-Light.ttf */ = {isa = PBXFileReference; lastKnownFileType = file; path = "NotoSans-Light.ttf"; sourceTree = "<group>"; };
		D7D24D102AC1B4E800C6F35B /* NotoSans-SemiBold.ttf */ = {isa = PBXFileReference; lastKnownFileType = file; path = "NotoSans-SemiBold.ttf"; sourceTree = "<group>"; };
		D7D24D112AC1B4E800C6F35B /* NotoSans-Bold.ttf */ = {isa = PBXFileReference; lastKnownFileType = file; path = "NotoSans-Bold.ttf"; sourceTree = "<group>"; };
		D7D24D122AC1B4E800C6F35B /* NotoSans-ExtraBold.ttf */ = {isa = PBXFileReference; lastKnownFileType = file; path = "NotoSans-ExtraBold.ttf"; sourceTree = "<group>"; };
		D7DA67612ACCB2FA00E95002 /* LoginFragment.swift */ = {isa = PBXFileReference; lastKnownFileType = sourcecode.swift; path = LoginFragment.swift; sourceTree = "<group>"; };
		D7DA67632ACCB31700E95002 /* ProfileModeFragment.swift */ = {isa = PBXFileReference; lastKnownFileType = sourcecode.swift; path = ProfileModeFragment.swift; sourceTree = "<group>"; };
		D7FB55102AD447FD00A5AB15 /* RegisterFragment.swift */ = {isa = PBXFileReference; lastKnownFileType = sourcecode.swift; path = RegisterFragment.swift; sourceTree = "<group>"; };
/* End PBXFileReference section */

/* Begin PBXFrameworksBuildPhase section */
		D719ABB02ABC67BF00B41C10 /* Frameworks */ = {
			isa = PBXFrameworksBuildPhase;
			buildActionMask = 2147483647;
			files = (
				0DF2F35F000C9BBAE8FCB4A0 /* Pods_Linphone.framework in Frameworks */,
			);
			runOnlyForDeploymentPostprocessing = 0;
		};
/* End PBXFrameworksBuildPhase section */

/* Begin PBXGroup section */
		1110B8CBF3C1BFD76F8BBFB2 /* Frameworks */ = {
			isa = PBXGroup;
			children = (
				7C92C314A5427A62F953EB70 /* Pods_Linphone.framework */,
			);
			name = Frameworks;
			sourceTree = "<group>";
		};
		A31AF2AB8C6A3D7B7EA3B424 /* Pods */ = {
			isa = PBXGroup;
			children = (
				3A132937ACADB95696E2F906 /* Pods-Linphone.debug.xcconfig */,
				3E2758142B8F42856C3A34DF /* Pods-Linphone.release.xcconfig */,
			);
			path = Pods;
			sourceTree = "<group>";
		};
		D717071C2AC591EF0037746F /* Utils */ = {
			isa = PBXGroup;
			children = (
				D717071D2AC5922E0037746F /* ColorExtension.swift */,
				D717071F2AC5989C0037746F /* TextExtension.swift */,
				D74C9D002ACB098C0021626A /* PermissionManager.swift */,
			);
			path = Utils;
			sourceTree = "<group>";
		};
		D719ABAA2ABC67BF00B41C10 = {
			isa = PBXGroup;
			children = (
				D719ABB52ABC67BF00B41C10 /* Linphone */,
				D719ABB42ABC67BF00B41C10 /* Products */,
				A31AF2AB8C6A3D7B7EA3B424 /* Pods */,
				1110B8CBF3C1BFD76F8BBFB2 /* Frameworks */,
			);
			sourceTree = "<group>";
		};
		D719ABB42ABC67BF00B41C10 /* Products */ = {
			isa = PBXGroup;
			children = (
				D719ABB32ABC67BF00B41C10 /* Linphone.app */,
			);
			name = Products;
			sourceTree = "<group>";
		};
		D719ABB52ABC67BF00B41C10 /* Linphone */ = {
			isa = PBXGroup;
			children = (
				D7A03FC52ACC458A0081A588 /* SplashScreen.swift */,
				D719ABB62ABC67BF00B41C10 /* LinphoneApp.swift */,
				D719ABC72ABC6FB200B41C10 /* Core */,
				D719ABC52ABC6EE800B41C10 /* UI */,
				D717071C2AC591EF0037746F /* Utils */,
				D719ABBA2ABC67BF00B41C10 /* Assets.xcassets */,
				D719ABBC2ABC67BF00B41C10 /* Linphone.entitlements */,
				D7A2EDDA2AC19EEC005D90FC /* Info.plist */,
				D70C93DD2AC2D0F60063CA3B /* Localizable.xcstrings */,
				D719ABBD2ABC67BF00B41C10 /* Preview Content */,
				D7D24D0C2AC1B4C700C6F35B /* Fonts */,
			);
			path = Linphone;
			sourceTree = "<group>";
		};
		D719ABBD2ABC67BF00B41C10 /* Preview Content */ = {
			isa = PBXGroup;
			children = (
				D719ABBE2ABC67BF00B41C10 /* Preview Assets.xcassets */,
			);
			path = "Preview Content";
			sourceTree = "<group>";
		};
		D719ABC52ABC6EE800B41C10 /* UI */ = {
			isa = PBXGroup;
			children = (
				D719ABCA2ABC761800B41C10 /* Assistant */,
				D719ABC62ABC6F0200B41C10 /* Main */,
				D7702EF02AC7200600557C00 /* Welcome */,
			);
			path = UI;
			sourceTree = "<group>";
		};
		D719ABC62ABC6F0200B41C10 /* Main */ = {
			isa = PBXGroup;
			children = (
				D7A03FBB2ACC2D850081A588 /* Contacts */,
				D74C9CFD2ACAEC150021626A /* Fragments */,
				D7A03FBE2ACC2E010081A588 /* History */,
				D7A2EDD42AC180FE005D90FC /* Viewmodel */,
				D719ABB82ABC67BF00B41C10 /* ContentView.swift */,
			);
			path = Main;
			sourceTree = "<group>";
		};
		D719ABC72ABC6FB200B41C10 /* Core */ = {
			isa = PBXGroup;
			children = (
				D719ABC82ABC6FD700B41C10 /* CoreContext.swift */,
			);
			path = Core;
			sourceTree = "<group>";
		};
		D719ABCA2ABC761800B41C10 /* Assistant */ = {
			isa = PBXGroup;
			children = (
				D7DA67602ACCB2D700E95002 /* Fragments */,
				D719ABCD2ABC777600B41C10 /* Viewmodel */,
				D719ABCB2ABC769C00B41C10 /* AssistantView.swift */,
			);
			path = Assistant;
			sourceTree = "<group>";
		};
		D719ABCD2ABC777600B41C10 /* Viewmodel */ = {
			isa = PBXGroup;
			children = (
				D719ABCE2ABC779A00B41C10 /* AccountLoginViewModel.swift */,
				D72343332ACEFFC3009AA24E /* QRScanner.swift */,
				D72343312ACEFF58009AA24E /* QRScannerController.swift */,
			);
			path = Viewmodel;
			sourceTree = "<group>";
		};
		D74C9CF62ACACEB70021626A /* Fragments */ = {
			isa = PBXGroup;
			children = (
				D74C9CF72ACACECE0021626A /* WelcomePage1Fragment.swift */,
				D74C9CF92ACACF2D0021626A /* WelcomePage2Fragment.swift */,
				D74C9CFB2ACACF370021626A /* WelcomePage3Fragment.swift */,
			);
			path = Fragments;
			sourceTree = "<group>";
		};
		D74C9CFD2ACAEC150021626A /* Fragments */ = {
			isa = PBXGroup;
			children = (
				D74C9CFE2ACAEC5E0021626A /* PopupView.swift */,
				D72343352AD037AF009AA24E /* ToastView.swift */,
				D750D3382AD3E6EE00EC99C5 /* PopupLoadingView.swift */,
			);
			path = Fragments;
			sourceTree = "<group>";
		};
		D7702EF02AC7200600557C00 /* Welcome */ = {
			isa = PBXGroup;
			children = (
				D74C9CF62ACACEB70021626A /* Fragments */,
				D7702EF12AC7205000557C00 /* WelcomeView.swift */,
			);
			path = Welcome;
			sourceTree = "<group>";
		};
		D7A03FBB2ACC2D850081A588 /* Contacts */ = {
			isa = PBXGroup;
			children = (
				D7A03FBC2ACC2DB60081A588 /* ContactsView.swift */,
			);
			path = Contacts;
			sourceTree = "<group>";
		};
		D7A03FBE2ACC2E010081A588 /* History */ = {
			isa = PBXGroup;
			children = (
				D7A03FBF2ACC2E390081A588 /* HistoryView.swift */,
			);
			path = History;
			sourceTree = "<group>";
		};
		D7A2EDD42AC180FE005D90FC /* Viewmodel */ = {
			isa = PBXGroup;
			children = (
				D7A2EDD52AC18115005D90FC /* SharedMainViewModel.swift */,
			);
			path = Viewmodel;
			sourceTree = "<group>";
		};
		D7D24D0C2AC1B4C700C6F35B /* Fonts */ = {
			isa = PBXGroup;
			children = (
				D7D24D0F2AC1B4E800C6F35B /* NotoSans-Light.ttf */,
				D7D24D0E2AC1B4E800C6F35B /* NotoSans-Regular.ttf */,
				D7D24D0D2AC1B4E800C6F35B /* NotoSans-Medium.ttf */,
				D7D24D102AC1B4E800C6F35B /* NotoSans-SemiBold.ttf */,
				D7D24D112AC1B4E800C6F35B /* NotoSans-Bold.ttf */,
				D7D24D122AC1B4E800C6F35B /* NotoSans-ExtraBold.ttf */,
			);
			path = Fonts;
			sourceTree = "<group>";
		};
		D7DA67602ACCB2D700E95002 /* Fragments */ = {
			isa = PBXGroup;
			children = (
				D7DA67612ACCB2FA00E95002 /* LoginFragment.swift */,
				D7DA67632ACCB31700E95002 /* ProfileModeFragment.swift */,
				D748BF2B2ACD82D2004844EB /* ThirdPartySipAccountLoginFragment.swift */,
				D748BF2D2ACD82E7004844EB /* ThirdPartySipAccountWarningFragment.swift */,
				D723432F2ACEFEF8009AA24E /* QrCodeScannerFragment.swift */,
				D7FB55102AD447FD00A5AB15 /* RegisterFragment.swift */,
			);
			path = Fragments;
			sourceTree = "<group>";
		};
/* End PBXGroup section */

/* Begin PBXNativeTarget section */
		D719ABB22ABC67BF00B41C10 /* Linphone */ = {
			isa = PBXNativeTarget;
			buildConfigurationList = D719ABC22ABC67BF00B41C10 /* Build configuration list for PBXNativeTarget "Linphone" */;
			buildPhases = (
				EAE6BD221624F991B659AC2E /* [CP] Check Pods Manifest.lock */,
				D719ABAF2ABC67BF00B41C10 /* Sources */,
				D719ABB02ABC67BF00B41C10 /* Frameworks */,
				D719ABB12ABC67BF00B41C10 /* Resources */,
				D7FB55122AD53FE200A5AB15 /* Run Script */,
				A35AE8ABA69001024776F16C /* [CP] Embed Pods Frameworks */,
			);
			buildRules = (
			);
			dependencies = (
			);
			name = Linphone;
			productName = Linphone;
			productReference = D719ABB32ABC67BF00B41C10 /* Linphone.app */;
			productType = "com.apple.product-type.application";
		};
/* End PBXNativeTarget section */

/* Begin PBXProject section */
		D719ABAB2ABC67BF00B41C10 /* Project object */ = {
			isa = PBXProject;
			attributes = {
				BuildIndependentTargetsInParallel = 1;
				LastSwiftUpdateCheck = 1430;
				LastUpgradeCheck = 1430;
				TargetAttributes = {
					D719ABB22ABC67BF00B41C10 = {
						CreatedOnToolsVersion = 14.3.1;
					};
				};
			};
			buildConfigurationList = D719ABAE2ABC67BF00B41C10 /* Build configuration list for PBXProject "Linphone" */;
			compatibilityVersion = "Xcode 14.0";
			developmentRegion = en;
			hasScannedForEncodings = 0;
			knownRegions = (
				en,
				Base,
			);
			mainGroup = D719ABAA2ABC67BF00B41C10;
			productRefGroup = D719ABB42ABC67BF00B41C10 /* Products */;
			projectDirPath = "";
			projectRoot = "";
			targets = (
				D719ABB22ABC67BF00B41C10 /* Linphone */,
			);
		};
/* End PBXProject section */

/* Begin PBXResourcesBuildPhase section */
		D719ABB12ABC67BF00B41C10 /* Resources */ = {
			isa = PBXResourcesBuildPhase;
			buildActionMask = 2147483647;
			files = (
				D7D24D142AC1B4E800C6F35B /* NotoSans-Regular.ttf in Resources */,
				D7D24D182AC1B4E800C6F35B /* NotoSans-ExtraBold.ttf in Resources */,
				D7D24D152AC1B4E800C6F35B /* NotoSans-Light.ttf in Resources */,
				D7D24D162AC1B4E800C6F35B /* NotoSans-SemiBold.ttf in Resources */,
				D7D24D172AC1B4E800C6F35B /* NotoSans-Bold.ttf in Resources */,
				D719ABBF2ABC67BF00B41C10 /* Preview Assets.xcassets in Resources */,
				D719ABBB2ABC67BF00B41C10 /* Assets.xcassets in Resources */,
				D7D24D132AC1B4E800C6F35B /* NotoSans-Medium.ttf in Resources */,
				D70C93DE2AC2D0F60063CA3B /* Localizable.xcstrings in Resources */,
			);
			runOnlyForDeploymentPostprocessing = 0;
		};
/* End PBXResourcesBuildPhase section */

/* Begin PBXShellScriptBuildPhase section */
		A35AE8ABA69001024776F16C /* [CP] Embed Pods Frameworks */ = {
			isa = PBXShellScriptBuildPhase;
			buildActionMask = 2147483647;
			files = (
			);
			inputFileListPaths = (
				"${PODS_ROOT}/Target Support Files/Pods-Linphone/Pods-Linphone-frameworks-${CONFIGURATION}-input-files.xcfilelist",
			);
			name = "[CP] Embed Pods Frameworks";
			outputFileListPaths = (
				"${PODS_ROOT}/Target Support Files/Pods-Linphone/Pods-Linphone-frameworks-${CONFIGURATION}-output-files.xcfilelist",
			);
			runOnlyForDeploymentPostprocessing = 0;
			shellPath = /bin/sh;
			shellScript = "\"${PODS_ROOT}/Target Support Files/Pods-Linphone/Pods-Linphone-frameworks.sh\"\n";
			showEnvVarsInLog = 0;
		};
		D7FB55122AD53FE200A5AB15 /* Run Script */ = {
			isa = PBXShellScriptBuildPhase;
			alwaysOutOfDate = 1;
			buildActionMask = 12;
			files = (
			);
			inputFileListPaths = (
			);
			inputPaths = (
			);
			name = "Run Script";
			outputFileListPaths = (
			);
			outputPaths = (
			);
			runOnlyForDeploymentPostprocessing = 0;
			shellPath = /bin/sh;
			shellScript = "if [[ \"$(uname -m)\" == arm64 ]]; then\n    export PATH=\"/opt/homebrew/bin:$PATH\"\nfi\n\nif which swiftlint > /dev/null; then\n  swiftlint\nelse\n  echo \"warning: SwiftLint not installed, download from https://github.com/realm/SwiftLint\"\nfi\n";
		};
		EAE6BD221624F991B659AC2E /* [CP] Check Pods Manifest.lock */ = {
			isa = PBXShellScriptBuildPhase;
			buildActionMask = 2147483647;
			files = (
			);
			inputFileListPaths = (
			);
			inputPaths = (
				"${PODS_PODFILE_DIR_PATH}/Podfile.lock",
				"${PODS_ROOT}/Manifest.lock",
			);
			name = "[CP] Check Pods Manifest.lock";
			outputFileListPaths = (
			);
			outputPaths = (
				"$(DERIVED_FILE_DIR)/Pods-Linphone-checkManifestLockResult.txt",
			);
			runOnlyForDeploymentPostprocessing = 0;
			shellPath = /bin/sh;
			shellScript = "diff \"${PODS_PODFILE_DIR_PATH}/Podfile.lock\" \"${PODS_ROOT}/Manifest.lock\" > /dev/null\nif [ $? != 0 ] ; then\n    # print error to STDERR\n    echo \"error: The sandbox is not in sync with the Podfile.lock. Run 'pod install' or update your CocoaPods installation.\" >&2\n    exit 1\nfi\n# This output is used by Xcode 'outputs' to avoid re-running this script phase.\necho \"SUCCESS\" > \"${SCRIPT_OUTPUT_FILE_0}\"\n";
			showEnvVarsInLog = 0;
		};
/* End PBXShellScriptBuildPhase section */

/* Begin PBXSourcesBuildPhase section */
		D719ABAF2ABC67BF00B41C10 /* Sources */ = {
			isa = PBXSourcesBuildPhase;
			buildActionMask = 2147483647;
			files = (
				D71707202AC5989C0037746F /* TextExtension.swift in Sources */,
				D719ABB92ABC67BF00B41C10 /* ContentView.swift in Sources */,
				D750D3392AD3E6EE00EC99C5 /* PopupLoadingView.swift in Sources */,
				D719ABC92ABC6FD700B41C10 /* CoreContext.swift in Sources */,
				D7A03FBD2ACC2DB60081A588 /* ContactsView.swift in Sources */,
				D719ABCF2ABC779A00B41C10 /* AccountLoginViewModel.swift in Sources */,
				D74C9D012ACB098C0021626A /* PermissionManager.swift in Sources */,
				D7702EF22AC7205000557C00 /* WelcomeView.swift in Sources */,
				D719ABB72ABC67BF00B41C10 /* LinphoneApp.swift in Sources */,
				D7A2EDD62AC18115005D90FC /* SharedMainViewModel.swift in Sources */,
				D7A03FC62ACC458A0081A588 /* SplashScreen.swift in Sources */,
				D7A03FC02ACC2E390081A588 /* HistoryView.swift in Sources */,
				D748BF2E2ACD82E7004844EB /* ThirdPartySipAccountWarningFragment.swift in Sources */,
				D748BF2C2ACD82D2004844EB /* ThirdPartySipAccountLoginFragment.swift in Sources */,
				D74C9CF82ACACECE0021626A /* WelcomePage1Fragment.swift in Sources */,
				D72343362AD037AF009AA24E /* ToastView.swift in Sources */,
				D7FB55112AD447FD00A5AB15 /* RegisterFragment.swift in Sources */,
				D72343322ACEFF58009AA24E /* QRScannerController.swift in Sources */,
				D72343342ACEFFC3009AA24E /* QRScanner.swift in Sources */,
				D72343302ACEFEF8009AA24E /* QrCodeScannerFragment.swift in Sources */,
				D717071E2AC5922E0037746F /* ColorExtension.swift in Sources */,
				D7DA67642ACCB31700E95002 /* ProfileModeFragment.swift in Sources */,
				D74C9CFC2ACACF370021626A /* WelcomePage3Fragment.swift in Sources */,
				D719ABCC2ABC769C00B41C10 /* AssistantView.swift in Sources */,
				D74C9CFA2ACACF2D0021626A /* WelcomePage2Fragment.swift in Sources */,
				D74C9CFF2ACAEC5E0021626A /* PopupView.swift in Sources */,
				D7DA67622ACCB2FA00E95002 /* LoginFragment.swift in Sources */,
			);
			runOnlyForDeploymentPostprocessing = 0;
		};
/* End PBXSourcesBuildPhase section */

/* Begin XCBuildConfiguration section */
		D719ABC02ABC67BF00B41C10 /* Debug */ = {
			isa = XCBuildConfiguration;
			buildSettings = {
				ALWAYS_SEARCH_USER_PATHS = NO;
				CLANG_ANALYZER_NONNULL = YES;
				CLANG_ANALYZER_NUMBER_OBJECT_CONVERSION = YES_AGGRESSIVE;
				CLANG_CXX_LANGUAGE_STANDARD = "gnu++20";
				CLANG_ENABLE_MODULES = YES;
				CLANG_ENABLE_OBJC_ARC = YES;
				CLANG_ENABLE_OBJC_WEAK = YES;
				CLANG_WARN_BLOCK_CAPTURE_AUTORELEASING = YES;
				CLANG_WARN_BOOL_CONVERSION = YES;
				CLANG_WARN_COMMA = YES;
				CLANG_WARN_CONSTANT_CONVERSION = YES;
				CLANG_WARN_DEPRECATED_OBJC_IMPLEMENTATIONS = YES;
				CLANG_WARN_DIRECT_OBJC_ISA_USAGE = YES_ERROR;
				CLANG_WARN_DOCUMENTATION_COMMENTS = YES;
				CLANG_WARN_EMPTY_BODY = YES;
				CLANG_WARN_ENUM_CONVERSION = YES;
				CLANG_WARN_INFINITE_RECURSION = YES;
				CLANG_WARN_INT_CONVERSION = YES;
				CLANG_WARN_NON_LITERAL_NULL_CONVERSION = YES;
				CLANG_WARN_OBJC_IMPLICIT_RETAIN_SELF = YES;
				CLANG_WARN_OBJC_LITERAL_CONVERSION = YES;
				CLANG_WARN_OBJC_ROOT_CLASS = YES_ERROR;
				CLANG_WARN_QUOTED_INCLUDE_IN_FRAMEWORK_HEADER = YES;
				CLANG_WARN_RANGE_LOOP_ANALYSIS = YES;
				CLANG_WARN_STRICT_PROTOTYPES = YES;
				CLANG_WARN_SUSPICIOUS_MOVE = YES;
				CLANG_WARN_UNGUARDED_AVAILABILITY = YES_AGGRESSIVE;
				CLANG_WARN_UNREACHABLE_CODE = YES;
				CLANG_WARN__DUPLICATE_METHOD_MATCH = YES;
				COPY_PHASE_STRIP = NO;
				DEAD_CODE_STRIPPING = YES;
				DEBUG_INFORMATION_FORMAT = dwarf;
				ENABLE_STRICT_OBJC_MSGSEND = YES;
				ENABLE_TESTABILITY = YES;
				GCC_C_LANGUAGE_STANDARD = gnu11;
				GCC_DYNAMIC_NO_PIC = NO;
				GCC_NO_COMMON_BLOCKS = YES;
				GCC_OPTIMIZATION_LEVEL = 0;
				GCC_PREPROCESSOR_DEFINITIONS = (
					"DEBUG=1",
					"$(inherited)",
				);
				GCC_WARN_64_TO_32_BIT_CONVERSION = YES;
				GCC_WARN_ABOUT_RETURN_TYPE = YES_ERROR;
				GCC_WARN_UNDECLARED_SELECTOR = YES;
				GCC_WARN_UNINITIALIZED_AUTOS = YES_AGGRESSIVE;
				GCC_WARN_UNUSED_FUNCTION = YES;
				GCC_WARN_UNUSED_VARIABLE = YES;
				IPHONEOS_DEPLOYMENT_TARGET = 15.0;
				MTL_ENABLE_DEBUG_INFO = INCLUDE_SOURCE;
				MTL_FAST_MATH = YES;
				ONLY_ACTIVE_ARCH = YES;
				SWIFT_ACTIVE_COMPILATION_CONDITIONS = DEBUG;
				SWIFT_OPTIMIZATION_LEVEL = "-Onone";
			};
			name = Debug;
		};
		D719ABC12ABC67BF00B41C10 /* Release */ = {
			isa = XCBuildConfiguration;
			buildSettings = {
				ALWAYS_SEARCH_USER_PATHS = NO;
				CLANG_ANALYZER_NONNULL = YES;
				CLANG_ANALYZER_NUMBER_OBJECT_CONVERSION = YES_AGGRESSIVE;
				CLANG_CXX_LANGUAGE_STANDARD = "gnu++20";
				CLANG_ENABLE_MODULES = YES;
				CLANG_ENABLE_OBJC_ARC = YES;
				CLANG_ENABLE_OBJC_WEAK = YES;
				CLANG_WARN_BLOCK_CAPTURE_AUTORELEASING = YES;
				CLANG_WARN_BOOL_CONVERSION = YES;
				CLANG_WARN_COMMA = YES;
				CLANG_WARN_CONSTANT_CONVERSION = YES;
				CLANG_WARN_DEPRECATED_OBJC_IMPLEMENTATIONS = YES;
				CLANG_WARN_DIRECT_OBJC_ISA_USAGE = YES_ERROR;
				CLANG_WARN_DOCUMENTATION_COMMENTS = YES;
				CLANG_WARN_EMPTY_BODY = YES;
				CLANG_WARN_ENUM_CONVERSION = YES;
				CLANG_WARN_INFINITE_RECURSION = YES;
				CLANG_WARN_INT_CONVERSION = YES;
				CLANG_WARN_NON_LITERAL_NULL_CONVERSION = YES;
				CLANG_WARN_OBJC_IMPLICIT_RETAIN_SELF = YES;
				CLANG_WARN_OBJC_LITERAL_CONVERSION = YES;
				CLANG_WARN_OBJC_ROOT_CLASS = YES_ERROR;
				CLANG_WARN_QUOTED_INCLUDE_IN_FRAMEWORK_HEADER = YES;
				CLANG_WARN_RANGE_LOOP_ANALYSIS = YES;
				CLANG_WARN_STRICT_PROTOTYPES = YES;
				CLANG_WARN_SUSPICIOUS_MOVE = YES;
				CLANG_WARN_UNGUARDED_AVAILABILITY = YES_AGGRESSIVE;
				CLANG_WARN_UNREACHABLE_CODE = YES;
				CLANG_WARN__DUPLICATE_METHOD_MATCH = YES;
				COPY_PHASE_STRIP = NO;
				DEAD_CODE_STRIPPING = YES;
				DEBUG_INFORMATION_FORMAT = "dwarf-with-dsym";
				ENABLE_NS_ASSERTIONS = NO;
				ENABLE_STRICT_OBJC_MSGSEND = YES;
				GCC_C_LANGUAGE_STANDARD = gnu11;
				GCC_NO_COMMON_BLOCKS = YES;
				GCC_WARN_64_TO_32_BIT_CONVERSION = YES;
				GCC_WARN_ABOUT_RETURN_TYPE = YES_ERROR;
				GCC_WARN_UNDECLARED_SELECTOR = YES;
				GCC_WARN_UNINITIALIZED_AUTOS = YES_AGGRESSIVE;
				GCC_WARN_UNUSED_FUNCTION = YES;
				GCC_WARN_UNUSED_VARIABLE = YES;
				IPHONEOS_DEPLOYMENT_TARGET = 15.0;
				MTL_ENABLE_DEBUG_INFO = NO;
				MTL_FAST_MATH = YES;
				SWIFT_COMPILATION_MODE = wholemodule;
				SWIFT_OPTIMIZATION_LEVEL = "-O";
			};
			name = Release;
		};
		D719ABC32ABC67BF00B41C10 /* Debug */ = {
			isa = XCBuildConfiguration;
			baseConfigurationReference = 3A132937ACADB95696E2F906 /* Pods-Linphone.debug.xcconfig */;
			buildSettings = {
				ASSETCATALOG_COMPILER_APPICON_NAME = AppIcon;
				ASSETCATALOG_COMPILER_GLOBAL_ACCENT_COLOR_NAME = AccentColor;
				ASSETCATALOG_COMPILER_INCLUDE_ALL_APPICON_ASSETS = NO;
				CODE_SIGN_ENTITLEMENTS = Linphone/Linphone.entitlements;
				CODE_SIGN_STYLE = Automatic;
				CURRENT_PROJECT_VERSION = 1;
				DEAD_CODE_STRIPPING = YES;
				DEVELOPMENT_ASSET_PATHS = "\"Linphone/Preview Content\"";
				DEVELOPMENT_TEAM = Z2V957B3D6;
				ENABLE_HARDENED_RUNTIME = YES;
				ENABLE_PREVIEWS = YES;
				GENERATE_INFOPLIST_FILE = YES;
				INFOPLIST_FILE = Linphone/Info.plist;
				INFOPLIST_KEY_NSCameraUsageDescription = "Share photos with your friends and customize avatars";
				INFOPLIST_KEY_NSPhotoLibraryUsageDescription = "";
				"INFOPLIST_KEY_UIApplicationSceneManifest_Generation[sdk=iphoneos*]" = YES;
				"INFOPLIST_KEY_UIApplicationSceneManifest_Generation[sdk=iphonesimulator*]" = YES;
				"INFOPLIST_KEY_UIApplicationSupportsIndirectInputEvents[sdk=iphoneos*]" = YES;
				"INFOPLIST_KEY_UIApplicationSupportsIndirectInputEvents[sdk=iphonesimulator*]" = YES;
				"INFOPLIST_KEY_UILaunchScreen_Generation[sdk=iphoneos*]" = YES;
				"INFOPLIST_KEY_UILaunchScreen_Generation[sdk=iphonesimulator*]" = YES;
				"INFOPLIST_KEY_UIStatusBarStyle[sdk=iphoneos*]" = UIStatusBarStyleDefault;
				"INFOPLIST_KEY_UIStatusBarStyle[sdk=iphonesimulator*]" = UIStatusBarStyleDefault;
				INFOPLIST_KEY_UISupportedInterfaceOrientations_iPad = "UIInterfaceOrientationPortrait UIInterfaceOrientationPortraitUpsideDown UIInterfaceOrientationLandscapeLeft UIInterfaceOrientationLandscapeRight";
				INFOPLIST_KEY_UISupportedInterfaceOrientations_iPhone = "UIInterfaceOrientationPortrait UIInterfaceOrientationLandscapeLeft UIInterfaceOrientationLandscapeRight";
				IPHONEOS_DEPLOYMENT_TARGET = 15.0;
				LD_RUNPATH_SEARCH_PATHS = "@executable_path/Frameworks";
				"LD_RUNPATH_SEARCH_PATHS[sdk=macosx*]" = "@executable_path/../Frameworks";
				MACOSX_DEPLOYMENT_TARGET = 13.3;
				MARKETING_VERSION = 1.0;
				PRODUCT_BUNDLE_IDENTIFIER = org.linphone.phone;
				PRODUCT_NAME = "$(TARGET_NAME)";
				SDKROOT = auto;
				SUPPORTED_PLATFORMS = "iphoneos iphonesimulator macosx";
				SWIFT_EMIT_LOC_STRINGS = YES;
				SWIFT_VERSION = 5.0;
				TARGETED_DEVICE_FAMILY = "1,2";
			};
			name = Debug;
		};
		D719ABC42ABC67BF00B41C10 /* Release */ = {
			isa = XCBuildConfiguration;
			baseConfigurationReference = 3E2758142B8F42856C3A34DF /* Pods-Linphone.release.xcconfig */;
			buildSettings = {
				ASSETCATALOG_COMPILER_APPICON_NAME = AppIcon;
				ASSETCATALOG_COMPILER_GLOBAL_ACCENT_COLOR_NAME = AccentColor;
				ASSETCATALOG_COMPILER_INCLUDE_ALL_APPICON_ASSETS = NO;
				CODE_SIGN_ENTITLEMENTS = Linphone/Linphone.entitlements;
				CODE_SIGN_STYLE = Automatic;
				CURRENT_PROJECT_VERSION = 1;
				DEAD_CODE_STRIPPING = YES;
				DEVELOPMENT_ASSET_PATHS = "\"Linphone/Preview Content\"";
				DEVELOPMENT_TEAM = Z2V957B3D6;
				ENABLE_HARDENED_RUNTIME = YES;
				ENABLE_PREVIEWS = YES;
				GENERATE_INFOPLIST_FILE = YES;
				INFOPLIST_FILE = Linphone/Info.plist;
				INFOPLIST_KEY_NSCameraUsageDescription = "Share photos with your friends and customize avatars";
				INFOPLIST_KEY_NSPhotoLibraryUsageDescription = "";
				"INFOPLIST_KEY_UIApplicationSceneManifest_Generation[sdk=iphoneos*]" = YES;
				"INFOPLIST_KEY_UIApplicationSceneManifest_Generation[sdk=iphonesimulator*]" = YES;
				"INFOPLIST_KEY_UIApplicationSupportsIndirectInputEvents[sdk=iphoneos*]" = YES;
				"INFOPLIST_KEY_UIApplicationSupportsIndirectInputEvents[sdk=iphonesimulator*]" = YES;
				"INFOPLIST_KEY_UILaunchScreen_Generation[sdk=iphoneos*]" = YES;
				"INFOPLIST_KEY_UILaunchScreen_Generation[sdk=iphonesimulator*]" = YES;
				"INFOPLIST_KEY_UIStatusBarStyle[sdk=iphoneos*]" = UIStatusBarStyleDefault;
				"INFOPLIST_KEY_UIStatusBarStyle[sdk=iphonesimulator*]" = UIStatusBarStyleDefault;
				INFOPLIST_KEY_UISupportedInterfaceOrientations_iPad = "UIInterfaceOrientationPortrait UIInterfaceOrientationPortraitUpsideDown UIInterfaceOrientationLandscapeLeft UIInterfaceOrientationLandscapeRight";
				INFOPLIST_KEY_UISupportedInterfaceOrientations_iPhone = "UIInterfaceOrientationPortrait UIInterfaceOrientationLandscapeLeft UIInterfaceOrientationLandscapeRight";
				IPHONEOS_DEPLOYMENT_TARGET = 15.0;
				LD_RUNPATH_SEARCH_PATHS = "@executable_path/Frameworks";
				"LD_RUNPATH_SEARCH_PATHS[sdk=macosx*]" = "@executable_path/../Frameworks";
				MACOSX_DEPLOYMENT_TARGET = 13.3;
				MARKETING_VERSION = 1.0;
				PRODUCT_BUNDLE_IDENTIFIER = org.linphone.phone;
				PRODUCT_NAME = "$(TARGET_NAME)";
				SDKROOT = auto;
				SUPPORTED_PLATFORMS = "iphoneos iphonesimulator macosx";
				SWIFT_EMIT_LOC_STRINGS = YES;
				SWIFT_VERSION = 5.0;
				TARGETED_DEVICE_FAMILY = "1,2";
			};
			name = Release;
		};
/* End XCBuildConfiguration section */

/* Begin XCConfigurationList section */
		D719ABAE2ABC67BF00B41C10 /* Build configuration list for PBXProject "Linphone" */ = {
			isa = XCConfigurationList;
			buildConfigurations = (
				D719ABC02ABC67BF00B41C10 /* Debug */,
				D719ABC12ABC67BF00B41C10 /* Release */,
			);
			defaultConfigurationIsVisible = 0;
			defaultConfigurationName = Release;
		};
		D719ABC22ABC67BF00B41C10 /* Build configuration list for PBXNativeTarget "Linphone" */ = {
			isa = XCConfigurationList;
			buildConfigurations = (
				D719ABC32ABC67BF00B41C10 /* Debug */,
				D719ABC42ABC67BF00B41C10 /* Release */,
			);
			defaultConfigurationIsVisible = 0;
			defaultConfigurationName = Release;
		};
/* End XCConfigurationList section */
	};
	rootObject = D719ABAB2ABC67BF00B41C10 /* Project object */;
}
